
Microsoft Visual Studio Solution File, Format Version 12.00
# Visual Studio Version 16
VisualStudioVersion = 16.0.31229.75
MinimumVisualStudioVersion = 10.0.40219.1
Project("{FAE04EC0-301F-11D3-BF4B-00C04F79EFBC}") = "ImportCountryISOCodes", "ImportCountryISOCodes\ImportCountryISOCodes.csproj", "{57E277BD-9C56-48ED-86E2-2C1C5D32246E}"
EndProject
Global
	GlobalSection(SolutionConfigurationPlatforms) = preSolution
		Debug|Any CPU = Debug|Any CPU
		Release|Any CPU = Release|Any CPU
	EndGlobalSection
	GlobalSection(ProjectConfigurationPlatforms) = postSolution
		{57E277BD-9C56-48ED-86E2-2C1C5D32246E}.Debug|Any CPU.ActiveCfg = Debug|Any CPU
		{57E277BD-9C56-48ED-86E2-2C1C5D32246E}.Debug|Any CPU.Build.0 = Debug|Any CPU
		{57E277BD-9C56-48ED-86E2-2C1C5D32246E}.Release|Any CPU.ActiveCfg = Release|Any CPU
		{57E277BD-9C56-48ED-86E2-2C1C5D32246E}.Release|Any CPU.Build.0 = Release|Any CPU
	EndGlobalSection
	GlobalSection(SolutionProperties) = preSolution
		HideSolutionNode = FALSE
	EndGlobalSection
	GlobalSection(ExtensibilityGlobals) = postSolution
		SolutionGuid = {C36EEC98-8ADD-4925-B169-85683C860A1E}
	EndGlobalSection
EndGlobal
